
Microsoft Visual Studio Solution File, Format Version 12.00
# Visual Studio 2013
VisualStudioVersion = 12.0.20827.3
MinimumVisualStudioVersion = 10.0.40219.1
Project("{FAE04EC0-301F-11D3-BF4B-00C04F79EFBC}") = "Algorithms-benmarking", "Algorithms-benmarking\Algorithms-benmarking.csproj", "{D3F7EE5B-C613-4DE4-81CB-3944DFA92E15}"
EndProject
Project("{2150E333-8FDC-42A3-9474-1A3956D46DE8}") = "Solution Items", "Solution Items", "{F39DA8F3-D0CB-42D4-89F7-C9B2ECA7EE30}"
	ProjectSection(SolutionItems) = preProject
		.gitignore = .gitignore
		README.md = README.md
	EndProjectSection
EndProject
Project("{FAE04EC0-301F-11D3-BF4B-00C04F79EFBC}") = "TimKiemTuyenTinh", "TimKiemTuyenTinh\TimKiemTuyenTinh.csproj", "{DD0D8E81-7AEE-4364-8896-8B0FBF2C119D}"
EndProject
Project("{FAE04EC0-301F-11D3-BF4B-00C04F79EFBC}") = "Algorithm", "Algorithm\Algorithm.csproj", "{7D40827D-AACD-43BF-8B26-916DF5030541}"
EndProject
Project("{2150E333-8FDC-42A3-9474-1A3956D46DE8}") = "Chuong 2", "Chuong 2", "{B79146E9-F4C8-4B1A-966D-D1C02F87701E}"
EndProject
Project("{FAE04EC0-301F-11D3-BF4B-00C04F79EFBC}") = "TinhTongS", "TinhTongS\TinhTongS.csproj", "{BFBC0E00-681C-4EC7-9CFD-EC515297F4D0}"
EndProject
Project("{FAE04EC0-301F-11D3-BF4B-00C04F79EFBC}") = "SapXepChonTrucTiep", "SapXepChonTrucTiep\SapXepChonTrucTiep.csproj", "{FB3DDB20-C8B0-49EA-A633-FB605502C0FB}"
EndProject
Project("{FAE04EC0-301F-11D3-BF4B-00C04F79EFBC}") = "TrungChuoiKiTu", "TrungChuoiKiTu\TrungChuoiKiTu.csproj", "{3ECE8B29-6679-4020-8C78-A3A1C596CA33}"
EndProject
Project("{FAE04EC0-301F-11D3-BF4B-00C04F79EFBC}") = "CapDiemGanNhat", "CapDiemGanNhat\CapDiemGanNhat.csproj", "{720AE0EE-C9AE-495C-9EE4-FB48CA8ABC36}"
EndProject
Project("{FAE04EC0-301F-11D3-BF4B-00C04F79EFBC}") = "NguoiDiDuLich", "NguoiDiDuLich\NguoiDiDuLich.csproj", "{D73D30B7-4DEF-432A-824D-41CB0F71693E}"
EndProject
Project("{2150E333-8FDC-42A3-9474-1A3956D46DE8}") = "Chuong 3", "Chuong 3", "{105F72E9-CAE9-4D10-BB1B-FA576DFD9BDD}"
EndProject
Project("{FAE04EC0-301F-11D3-BF4B-00C04F79EFBC}") = "MergeSort", "MergeSort\MergeSort.csproj", "{F4DF6F76-7B78-4F2C-8867-0D537A9464C5}"
EndProject
Project("{2150E333-8FDC-42A3-9474-1A3956D46DE8}") = "Chuong 4", "Chuong 4", "{CB4FBDFC-6DD2-4E56-BEB1-595D5B97152A}"
EndProject
Project("{FAE04EC0-301F-11D3-BF4B-00C04F79EFBC}") = "HeapSort", "HeapSort\HeapSort.csproj", "{BC813856-FCC6-4426-8CC3-0EE1CAE97934}"
EndProject
Project("{2150E333-8FDC-42A3-9474-1A3956D46DE8}") = "Chuong 5", "Chuong 5", "{B0D1614C-788F-427E-90EA-D727C8946B5E}"
EndProject
Project("{FAE04EC0-301F-11D3-BF4B-00C04F79EFBC}") = "Fibo_TrucTiep", "Fibo_TrucTiep\Fibo_TrucTiep.csproj", "{4F5EA6BB-7117-4FC1-8B17-293CEC592075}"
EndProject
Project("{FAE04EC0-301F-11D3-BF4B-00C04F79EFBC}") = "Fibo_QuyHoachDong", "Fibo_QuyHoachDong\Fibo_QuyHoachDong.csproj", "{98D83C38-E0A3-4DE8-8CC6-E239C08C1B00}"
EndProject
Project("{FAE04EC0-301F-11D3-BF4B-00C04F79EFBC}") = "Fibo_BienDoi", "Fibo_BienDoi\Fibo_BienDoi.csproj", "{F828490A-3269-4914-AA79-DA8AAAEB1D83}"
EndProject
Project("{2150E333-8FDC-42A3-9474-1A3956D46DE8}") = "Chuong 6", "Chuong 6", "{36D23EF9-74F0-453D-AC4C-7E484BBCD523}"
EndProject
Project("{FAE04EC0-301F-11D3-BF4B-00C04F79EFBC}") = "Dijkstra", "Dijkstra\Dijkstra.csproj", "{085AE066-8937-409B-85EC-3E6B583ABE3C}"
EndProject
Project("{FAE04EC0-301F-11D3-BF4B-00C04F79EFBC}") = "ToMau", "ToMau\ToMau.csproj", "{51295D4E-ADA6-436E-9111-B31A3948F444}"
EndProject
Project("{2150E333-8FDC-42A3-9474-1A3956D46DE8}") = "Chuong 7", "Chuong 7", "{58EF140C-CACF-482C-9C13-AC72F4C939BE}"
EndProject
Project("{FAE04EC0-301F-11D3-BF4B-00C04F79EFBC}") = "NQuanHau", "NQuanHau\NQuanHau.csproj", "{38379B46-1EB6-4169-BC7B-F3707CBCC140}"
EndProject
Project("{FAE04EC0-301F-11D3-BF4B-00C04F79EFBC}") = "HoanVi", "HoanVi\HoanVi.csproj", "{9D0738DF-378C-4A2E-BFB7-664B10F4B32D}"
EndProject
Global
	GlobalSection(SolutionConfigurationPlatforms) = preSolution
		Debug|Any CPU = Debug|Any CPU
		Release|Any CPU = Release|Any CPU
	EndGlobalSection
	GlobalSection(ProjectConfigurationPlatforms) = postSolution
		{D3F7EE5B-C613-4DE4-81CB-3944DFA92E15}.Debug|Any CPU.ActiveCfg = Debug|Any CPU
		{D3F7EE5B-C613-4DE4-81CB-3944DFA92E15}.Debug|Any CPU.Build.0 = Debug|Any CPU
		{D3F7EE5B-C613-4DE4-81CB-3944DFA92E15}.Release|Any CPU.ActiveCfg = Release|Any CPU
		{D3F7EE5B-C613-4DE4-81CB-3944DFA92E15}.Release|Any CPU.Build.0 = Release|Any CPU
		{DD0D8E81-7AEE-4364-8896-8B0FBF2C119D}.Debug|Any CPU.ActiveCfg = Debug|Any CPU
		{DD0D8E81-7AEE-4364-8896-8B0FBF2C119D}.Debug|Any CPU.Build.0 = Debug|Any CPU
		{DD0D8E81-7AEE-4364-8896-8B0FBF2C119D}.Release|Any CPU.ActiveCfg = Release|Any CPU
		{DD0D8E81-7AEE-4364-8896-8B0FBF2C119D}.Release|Any CPU.Build.0 = Release|Any CPU
		{7D40827D-AACD-43BF-8B26-916DF5030541}.Debug|Any CPU.ActiveCfg = Debug|Any CPU
		{7D40827D-AACD-43BF-8B26-916DF5030541}.Debug|Any CPU.Build.0 = Debug|Any CPU
		{7D40827D-AACD-43BF-8B26-916DF5030541}.Release|Any CPU.ActiveCfg = Release|Any CPU
		{7D40827D-AACD-43BF-8B26-916DF5030541}.Release|Any CPU.Build.0 = Release|Any CPU
		{BFBC0E00-681C-4EC7-9CFD-EC515297F4D0}.Debug|Any CPU.ActiveCfg = Debug|Any CPU
		{BFBC0E00-681C-4EC7-9CFD-EC515297F4D0}.Debug|Any CPU.Build.0 = Debug|Any CPU
		{BFBC0E00-681C-4EC7-9CFD-EC515297F4D0}.Release|Any CPU.ActiveCfg = Release|Any CPU
		{BFBC0E00-681C-4EC7-9CFD-EC515297F4D0}.Release|Any CPU.Build.0 = Release|Any CPU
		{FB3DDB20-C8B0-49EA-A633-FB605502C0FB}.Debug|Any CPU.ActiveCfg = Debug|Any CPU
		{FB3DDB20-C8B0-49EA-A633-FB605502C0FB}.Debug|Any CPU.Build.0 = Debug|Any CPU
		{FB3DDB20-C8B0-49EA-A633-FB605502C0FB}.Release|Any CPU.ActiveCfg = Release|Any CPU
		{FB3DDB20-C8B0-49EA-A633-FB605502C0FB}.Release|Any CPU.Build.0 = Release|Any CPU
		{3ECE8B29-6679-4020-8C78-A3A1C596CA33}.Debug|Any CPU.ActiveCfg = Debug|Any CPU
		{3ECE8B29-6679-4020-8C78-A3A1C596CA33}.Debug|Any CPU.Build.0 = Debug|Any CPU
		{3ECE8B29-6679-4020-8C78-A3A1C596CA33}.Release|Any CPU.ActiveCfg = Release|Any CPU
		{3ECE8B29-6679-4020-8C78-A3A1C596CA33}.Release|Any CPU.Build.0 = Release|Any CPU
		{720AE0EE-C9AE-495C-9EE4-FB48CA8ABC36}.Debug|Any CPU.ActiveCfg = Debug|Any CPU
		{720AE0EE-C9AE-495C-9EE4-FB48CA8ABC36}.Debug|Any CPU.Build.0 = Debug|Any CPU
		{720AE0EE-C9AE-495C-9EE4-FB48CA8ABC36}.Release|Any CPU.ActiveCfg = Release|Any CPU
		{720AE0EE-C9AE-495C-9EE4-FB48CA8ABC36}.Release|Any CPU.Build.0 = Release|Any CPU
		{D73D30B7-4DEF-432A-824D-41CB0F71693E}.Debug|Any CPU.ActiveCfg = Debug|Any CPU
		{D73D30B7-4DEF-432A-824D-41CB0F71693E}.Debug|Any CPU.Build.0 = Debug|Any CPU
		{D73D30B7-4DEF-432A-824D-41CB0F71693E}.Release|Any CPU.ActiveCfg = Release|Any CPU
		{D73D30B7-4DEF-432A-824D-41CB0F71693E}.Release|Any CPU.Build.0 = Release|Any CPU
		{F4DF6F76-7B78-4F2C-8867-0D537A9464C5}.Debug|Any CPU.ActiveCfg = Debug|Any CPU
		{F4DF6F76-7B78-4F2C-8867-0D537A9464C5}.Debug|Any CPU.Build.0 = Debug|Any CPU
		{F4DF6F76-7B78-4F2C-8867-0D537A9464C5}.Release|Any CPU.ActiveCfg = Release|Any CPU
		{F4DF6F76-7B78-4F2C-8867-0D537A9464C5}.Release|Any CPU.Build.0 = Release|Any CPU
		{BC813856-FCC6-4426-8CC3-0EE1CAE97934}.Debug|Any CPU.ActiveCfg = Debug|Any CPU
		{BC813856-FCC6-4426-8CC3-0EE1CAE97934}.Debug|Any CPU.Build.0 = Debug|Any CPU
		{BC813856-FCC6-4426-8CC3-0EE1CAE97934}.Release|Any CPU.ActiveCfg = Release|Any CPU
		{BC813856-FCC6-4426-8CC3-0EE1CAE97934}.Release|Any CPU.Build.0 = Release|Any CPU
		{4F5EA6BB-7117-4FC1-8B17-293CEC592075}.Debug|Any CPU.ActiveCfg = Debug|Any CPU
		{4F5EA6BB-7117-4FC1-8B17-293CEC592075}.Debug|Any CPU.Build.0 = Debug|Any CPU
		{4F5EA6BB-7117-4FC1-8B17-293CEC592075}.Release|Any CPU.ActiveCfg = Release|Any CPU
		{4F5EA6BB-7117-4FC1-8B17-293CEC592075}.Release|Any CPU.Build.0 = Release|Any CPU
		{98D83C38-E0A3-4DE8-8CC6-E239C08C1B00}.Debug|Any CPU.ActiveCfg = Debug|Any CPU
		{98D83C38-E0A3-4DE8-8CC6-E239C08C1B00}.Debug|Any CPU.Build.0 = Debug|Any CPU
		{98D83C38-E0A3-4DE8-8CC6-E239C08C1B00}.Release|Any CPU.ActiveCfg = Release|Any CPU
		{98D83C38-E0A3-4DE8-8CC6-E239C08C1B00}.Release|Any CPU.Build.0 = Release|Any CPU
		{F828490A-3269-4914-AA79-DA8AAAEB1D83}.Debug|Any CPU.ActiveCfg = Debug|Any CPU
		{F828490A-3269-4914-AA79-DA8AAAEB1D83}.Debug|Any CPU.Build.0 = Debug|Any CPU
		{F828490A-3269-4914-AA79-DA8AAAEB1D83}.Release|Any CPU.ActiveCfg = Release|Any CPU
		{F828490A-3269-4914-AA79-DA8AAAEB1D83}.Release|Any CPU.Build.0 = Release|Any CPU
		{085AE066-8937-409B-85EC-3E6B583ABE3C}.Debug|Any CPU.ActiveCfg = Debug|Any CPU
		{085AE066-8937-409B-85EC-3E6B583ABE3C}.Debug|Any CPU.Build.0 = Debug|Any CPU
		{085AE066-8937-409B-85EC-3E6B583ABE3C}.Release|Any CPU.ActiveCfg = Release|Any CPU
		{085AE066-8937-409B-85EC-3E6B583ABE3C}.Release|Any CPU.Build.0 = Release|Any CPU
		{51295D4E-ADA6-436E-9111-B31A3948F444}.Debug|Any CPU.ActiveCfg = Debug|Any CPU
		{51295D4E-ADA6-436E-9111-B31A3948F444}.Debug|Any CPU.Build.0 = Debug|Any CPU
		{51295D4E-ADA6-436E-9111-B31A3948F444}.Release|Any CPU.ActiveCfg = Release|Any CPU
		{51295D4E-ADA6-436E-9111-B31A3948F444}.Release|Any CPU.Build.0 = Release|Any CPU
		{38379B46-1EB6-4169-BC7B-F3707CBCC140}.Debug|Any CPU.ActiveCfg = Debug|Any CPU
		{38379B46-1EB6-4169-BC7B-F3707CBCC140}.Debug|Any CPU.Build.0 = Debug|Any CPU
		{38379B46-1EB6-4169-BC7B-F3707CBCC140}.Release|Any CPU.ActiveCfg = Release|Any CPU
		{38379B46-1EB6-4169-BC7B-F3707CBCC140}.Release|Any CPU.Build.0 = Release|Any CPU
		{9D0738DF-378C-4A2E-BFB7-664B10F4B32D}.Debug|Any CPU.ActiveCfg = Debug|Any CPU
		{9D0738DF-378C-4A2E-BFB7-664B10F4B32D}.Debug|Any CPU.Build.0 = Debug|Any CPU
		{9D0738DF-378C-4A2E-BFB7-664B10F4B32D}.Release|Any CPU.ActiveCfg = Release|Any CPU
		{9D0738DF-378C-4A2E-BFB7-664B10F4B32D}.Release|Any CPU.Build.0 = Release|Any CPU
	EndGlobalSection
	GlobalSection(SolutionProperties) = preSolution
		HideSolutionNode = FALSE
	EndGlobalSection
	GlobalSection(NestedProjects) = preSolution
		{DD0D8E81-7AEE-4364-8896-8B0FBF2C119D} = {B79146E9-F4C8-4B1A-966D-D1C02F87701E}
		{BFBC0E00-681C-4EC7-9CFD-EC515297F4D0} = {B79146E9-F4C8-4B1A-966D-D1C02F87701E}
		{FB3DDB20-C8B0-49EA-A633-FB605502C0FB} = {B79146E9-F4C8-4B1A-966D-D1C02F87701E}
		{3ECE8B29-6679-4020-8C78-A3A1C596CA33} = {B79146E9-F4C8-4B1A-966D-D1C02F87701E}
		{720AE0EE-C9AE-495C-9EE4-FB48CA8ABC36} = {B79146E9-F4C8-4B1A-966D-D1C02F87701E}
		{D73D30B7-4DEF-432A-824D-41CB0F71693E} = {B79146E9-F4C8-4B1A-966D-D1C02F87701E}
		{F4DF6F76-7B78-4F2C-8867-0D537A9464C5} = {105F72E9-CAE9-4D10-BB1B-FA576DFD9BDD}
		{BC813856-FCC6-4426-8CC3-0EE1CAE97934} = {CB4FBDFC-6DD2-4E56-BEB1-595D5B97152A}
		{4F5EA6BB-7117-4FC1-8B17-293CEC592075} = {B0D1614C-788F-427E-90EA-D727C8946B5E}
		{98D83C38-E0A3-4DE8-8CC6-E239C08C1B00} = {B0D1614C-788F-427E-90EA-D727C8946B5E}
		{F828490A-3269-4914-AA79-DA8AAAEB1D83} = {B0D1614C-788F-427E-90EA-D727C8946B5E}
		{085AE066-8937-409B-85EC-3E6B583ABE3C} = {36D23EF9-74F0-453D-AC4C-7E484BBCD523}
		{51295D4E-ADA6-436E-9111-B31A3948F444} = {36D23EF9-74F0-453D-AC4C-7E484BBCD523}
		{38379B46-1EB6-4169-BC7B-F3707CBCC140} = {58EF140C-CACF-482C-9C13-AC72F4C939BE}
		{9D0738DF-378C-4A2E-BFB7-664B10F4B32D} = {58EF140C-CACF-482C-9C13-AC72F4C939BE}
	EndGlobalSection
EndGlobal
